
Microsoft Visual Studio Solution File, Format Version 12.00
# Visual Studio Version 17
VisualStudioVersion = 17.0.32112.339
MinimumVisualStudioVersion = 10.0.40219.1
Project("{FAE04EC0-301F-11D3-BF4B-00C04F79EFBC}") = "ScreenshotCapturer", "ScreenshotCapturer\ScreenshotCapturer.csproj", "{80C4B356-1333-403A-9CDE-E4D31709C5DD}"
EndProject
Global
	GlobalSection(SolutionConfigurationPlatforms) = preSolution
		Debug|Any CPU = Debug|Any CPU
		Release|Any CPU = Release|Any CPU
	EndGlobalSection
	GlobalSection(ProjectConfigurationPlatforms) = postSolution
		{80C4B356-1333-403A-9CDE-E4D31709C5DD}.Debug|Any CPU.ActiveCfg = Debug|Any CPU
		{80C4B356-1333-403A-9CDE-E4D31709C5DD}.Debug|Any CPU.Build.0 = Debug|Any CPU
		{80C4B356-1333-403A-9CDE-E4D31709C5DD}.Release|Any CPU.ActiveCfg = Release|Any CPU
		{80C4B356-1333-403A-9CDE-E4D31709C5DD}.Release|Any CPU.Build.0 = Release|Any CPU
	EndGlobalSection
	GlobalSection(SolutionProperties) = preSolution
		HideSolutionNode = FALSE
	EndGlobalSection
	GlobalSection(ExtensibilityGlobals) = postSolution
		SolutionGuid = {5C582E2A-F896-46D2-B0A4-BB024608BD35}
	EndGlobalSection
EndGlobal
